
Microsoft Visual Studio Solution File, Format Version 12.00
# Visual Studio Version 17
VisualStudioVersion = 17.13.35806.99 d17.13
MinimumVisualStudioVersion = 10.0.40219.1
Project("{FAE04EC0-301F-11D3-BF4B-00C04F79EFBC}") = "CyberVault", "CyberVault\CyberVault.csproj", "{A25769A3-406D-442B-863C-CC93C5B1299C}"
EndProject
Global
	GlobalSection(SolutionConfigurationPlatforms) = preSolution
		Debug|Any CPU = Debug|Any CPU
		Release|Any CPU = Release|Any CPU
	EndGlobalSection
	GlobalSection(ProjectConfigurationPlatforms) = postSolution
		{A25769A3-406D-442B-863C-CC93C5B1299C}.Debug|Any CPU.ActiveCfg = Debug|Any CPU
		{A25769A3-406D-442B-863C-CC93C5B1299C}.Debug|Any CPU.Build.0 = Debug|Any CPU
		{A25769A3-406D-442B-863C-CC93C5B1299C}.Release|Any CPU.ActiveCfg = Release|Any CPU
		{A25769A3-406D-442B-863C-CC93C5B1299C}.Release|Any CPU.Build.0 = Release|Any CPU
	EndGlobalSection
	GlobalSection(SolutionProperties) = preSolution
		HideSolutionNode = FALSE
	EndGlobalSection
	GlobalSection(ExtensibilityGlobals) = postSolution
		SolutionGuid = {69284C1A-0635-40BF-9FA9-092CEE6ED5BF}
	EndGlobalSection
EndGlobal
